
Microsoft Visual Studio Solution File, Format Version 12.00
# Visual Studio Version 17
VisualStudioVersion = 17.9.34902.65
MinimumVisualStudioVersion = 10.0.40219.1
Project("{FAE04EC0-301F-11D3-BF4B-00C04F79EFBC}") = "AddressValidator", "AddressValidator.csproj", "{C919E339-9BFE-494A-8A5E-412DA8746925}"
EndProject
Global
	GlobalSection(SolutionConfigurationPlatforms) = preSolution
		Debug|Any CPU = Debug|Any CPU
		Release|Any CPU = Release|Any CPU
	EndGlobalSection
	GlobalSection(ProjectConfigurationPlatforms) = postSolution
		{C919E339-9BFE-494A-8A5E-412DA8746925}.Debug|Any CPU.ActiveCfg = Debug|Any CPU
		{C919E339-9BFE-494A-8A5E-412DA8746925}.Debug|Any CPU.Build.0 = Debug|Any CPU
		{C919E339-9BFE-494A-8A5E-412DA8746925}.Release|Any CPU.ActiveCfg = Release|Any CPU
		{C919E339-9BFE-494A-8A5E-412DA8746925}.Release|Any CPU.Build.0 = Release|Any CPU
	EndGlobalSection
	GlobalSection(SolutionProperties) = preSolution
		HideSolutionNode = FALSE
	EndGlobalSection
	GlobalSection(ExtensibilityGlobals) = postSolution
		SolutionGuid = {EB9EAE5F-DC13-4768-82D8-42D41B2E8386}
	EndGlobalSection
EndGlobal
